github.com/deorth-kku/go-common v0.0.0-20251128053826-d2bae170c0c5 h1:1+4j/FK08P4oX5wS5KPY4Hx5CkUOAmW13zOlRGRxQ5E=
github.com/deorth-kku/go-common v0.0.0-20251128053826-d2bae170c0c5/go.mod h1:wu1n859VPJwzWyY3WPzGM21PFeKq+YY79e92QoaGFPk=
github.com/deorth-kku/gods4 v0.0.0-20260113021838-7b8e7b55268a h1:uUOWdMw9XactjxM2bz67NGdWBGRbYsPG8gicW62NKXk=
github.com/deorth-kku/gods4 v0.0.0-20260113021838-7b8e7b55268a/go.mod h1:+K/+JbRzvK0tXoKnoJEvsPYMTt54TS/jOmXonLnTY0g=
github.com/karalabe/hid v1.0.1-0.20240919124526-821c38d2678e h1:ryNJIEs1fyZNVwJ/Dsz7+EFZTow0ggBdnAIVo8SAs+A=
github.com/karalabe/hid v1.0.1-0.20240919124526-821c38d2678e/go.mod h1:qk1sX/IBgppQNcGCRoj90u6EGC056EBoIc1oEjCWla8=
